
Microsoft Visual Studio Solution File, Format Version 12.00
# Visual Studio Version 16
VisualStudioVersion = 16.0.31424.327
MinimumVisualStudioVersion = 10.0.40219.1
Project("{8BC9CEB8-8B4A-11D0-8D11-00A0C91BC942}") = "SK-Lib-cmath-lrint-Bagian6__CPP", "SK-Lib-cmath-lrint-Bagian6__CPP\SK-Lib-cmath-lrint-Bagian6__CPP.vcxproj", "{420174FD-03C2-4FD1-B15C-68FD3EE312EB}"
EndProject
Global
	GlobalSection(SolutionConfigurationPlatforms) = preSolution
		Debug|x64 = Debug|x64
		Debug|x86 = Debug|x86
		Release|x64 = Release|x64
		Release|x86 = Release|x86
	EndGlobalSection
	GlobalSection(ProjectConfigurationPlatforms) = postSolution
		{420174FD-03C2-4FD1-B15C-68FD3EE312EB}.Debug|x64.ActiveCfg = Debug|x64
		{420174FD-03C2-4FD1-B15C-68FD3EE312EB}.Debug|x64.Build.0 = Debug|x64
		{420174FD-03C2-4FD1-B15C-68FD3EE312EB}.Debug|x86.ActiveCfg = Debug|Win32
		{420174FD-03C2-4FD1-B15C-68FD3EE312EB}.Debug|x86.Build.0 = Debug|Win32
		{420174FD-03C2-4FD1-B15C-68FD3EE312EB}.Release|x64.ActiveCfg = Release|x64
		{420174FD-03C2-4FD1-B15C-68FD3EE312EB}.Release|x64.Build.0 = Release|x64
		{420174FD-03C2-4FD1-B15C-68FD3EE312EB}.Release|x86.ActiveCfg = Release|Win32
		{420174FD-03C2-4FD1-B15C-68FD3EE312EB}.Release|x86.Build.0 = Release|Win32
	EndGlobalSection
	GlobalSection(SolutionProperties) = preSolution
		HideSolutionNode = FALSE
	EndGlobalSection
	GlobalSection(ExtensibilityGlobals) = postSolution
		SolutionGuid = {13DDBAC2-8425-4627-9A86-68D3AB952DE4}
	EndGlobalSection
EndGlobal
